// !$*UTF8*$!
{
	archiveVersion = 1;
	classes = {
	};
	objectVersion = 48;
	objects = {

/* Begin PBXBuildFile section */
		ECD471C72119E727000C26D6 /* AppDelegate.swift in Sources */ = {isa = PBXBuildFile; fileRef = ECD471C62119E727000C26D6 /* AppDelegate.swift */; };
		ECD471C92119E727000C26D6 /* ViewController.swift in Sources */ = {isa = PBXBuildFile; fileRef = ECD471C82119E727000C26D6 /* ViewController.swift */; };
		ECD471CC2119E727000C26D6 /* Main.storyboard in Resources */ = {isa = PBXBuildFile; fileRef = ECD471CA2119E727000C26D6 /* Main.storyboard */; };
		ECD471CE2119E728000C26D6 /* Assets.xcassets in Resources */ = {isa = PBXBuildFile; fileRef = ECD471CD2119E728000C26D6 /* Assets.xcassets */; };
		ECD471D12119E728000C26D6 /* LaunchScreen.storyboard in Resources */ = {isa = PBXBuildFile; fileRef = ECD471CF2119E728000C26D6 /* LaunchScreen.storyboard */; };
		ECD471DC2119E728000C26D6 /* TipCalTests.swift in Sources */ = {isa = PBXBuildFile; fileRef = ECD471DB2119E728000C26D6 /* TipCalTests.swift */; };
		ECD471E72119E728000C26D6 /* TipCalUITests.swift in Sources */ = {isa = PBXBuildFile; fileRef = ECD471E62119E728000C26D6 /* TipCalUITests.swift */; };
		ECD471F52119F9EF000C26D6 /* SettingViewController.swift in Sources */ = {isa = PBXBuildFile; fileRef = ECD471F42119F9EF000C26D6 /* SettingViewController.swift */; };
/* End PBXBuildFile section */

/* Begin PBXContainerItemProxy section */
		ECD471D82119E728000C26D6 /* PBXContainerItemProxy */ = {
			isa = PBXContainerItemProxy;
			containerPortal = ECD471BB2119E727000C26D6 /* Project object */;
			proxyType = 1;
			remoteGlobalIDString = ECD471C22119E727000C26D6;
			remoteInfo = TipCal;
		};
		ECD471E32119E728000C26D6 /* PBXContainerItemProxy */ = {
			isa = PBXContainerItemProxy;
			containerPortal = ECD471BB2119E727000C26D6 /* Project object */;
			proxyType = 1;
			remoteGlobalIDString = ECD471C22119E727000C26D6;
			remoteInfo = TipCal;
		};
/* End PBXContainerItemProxy section */

/* Begin PBXFileReference section */
		ECD471C32119E727000C26D6 /* TipCal.app */ = {isa = PBXFileReference; explicitFileType = wrapper.application; includeInIndex = 0; path = TipCal.app; sourceTree = BUILT_PRODUCTS_DIR; };
		ECD471C62119E727000C26D6 /* AppDelegate.swift */ = {isa = PBXFileReference; lastKnownFileType = sourcecode.swift; path = AppDelegate.swift; sourceTree = "<group>"; };
		ECD471C82119E727000C26D6 /* ViewController.swift */ = {isa = PBXFileReference; lastKnownFileType = sourcecode.swift; path = ViewController.swift; sourceTree = "<group>"; };
		ECD471CB2119E727000C26D6 /* Base */ = {isa = PBXFileReference; lastKnownFileType = file.storyboard; name = Base; path = Base.lproj/Main.storyboard; sourceTree = "<group>"; };
		ECD471CD2119E728000C26D6 /* Assets.xcassets */ = {isa = PBXFileReference; lastKnownFileType = folder.assetcatalog; path = Assets.xcassets; sourceTree = "<group>"; };
		ECD471D02119E728000C26D6 /* Base */ = {isa = PBXFileReference; lastKnownFileType = file.storyboard; name = Base; path = Base.lproj/LaunchScreen.storyboard; sourceTree = "<group>"; };
		ECD471D22119E728000C26D6 /* Info.plist */ = {isa = PBXFileReference; lastKnownFileType = text.plist.xml; path = Info.plist; sourceTree = "<group>"; };
		ECD471D72119E728000C26D6 /* TipCalTests.xctest */ = {isa = PBXFileReference; explicitFileType = wrapper.cfbundle; includeInIndex = 0; path = TipCalTests.xctest; sourceTree = BUILT_PRODUCTS_DIR; };
		ECD471DB2119E728000C26D6 /* TipCalTests.swift */ = {isa = PBXFileReference; lastKnownFileType = sourcecode.swift; path = TipCalTests.swift; sourceTree = "<group>"; };
		ECD471DD2119E728000C26D6 /* Info.plist */ = {isa = PBXFileReference; lastKnownFileType = text.plist.xml; path = Info.plist; sourceTree = "<group>"; };
		ECD471E22119E728000C26D6 /* TipCalUITests.xctest */ = {isa = PBXFileReference; explicitFileType = wrapper.cfbundle; includeInIndex = 0; path = TipCalUITests.xctest; sourceTree = BUILT_PRODUCTS_DIR; };
		ECD471E62119E728000C26D6 /* TipCalUITests.swift */ = {isa = PBXFileReference; lastKnownFileType = sourcecode.swift; path = TipCalUITests.swift; sourceTree = "<group>"; };
		ECD471E82119E728000C26D6 /* Info.plist */ = {isa = PBXFileReference; lastKnownFileType = text.plist.xml; path = Info.plist; sourceTree = "<group>"; };
		ECD471F42119F9EF000C26D6 /* SettingViewController.swift */ = {isa = PBXFileReference; lastKnownFileType = sourcecode.swift; path = SettingViewController.swift; sourceTree = "<group>"; };
/* End PBXFileReference section */

/* Begin PBXFrameworksBuildPhase section */
		ECD471C02119E727000C26D6 /* Frameworks */ = {
			isa = PBXFrameworksBuildPhase;
			buildActionMask = 2147483647;
			files = (
			);
			runOnlyForDeploymentPostprocessing = 0;
		};
		ECD471D42119E728000C26D6 /* Frameworks */ = {
			isa = PBXFrameworksBuildPhase;
			buildActionMask = 2147483647;
			files = (
			);
			runOnlyForDeploymentPostprocessing = 0;
		};
		ECD471DF2119E728000C26D6 /* Frameworks */ = {
			isa = PBXFrameworksBuildPhase;
			buildActionMask = 2147483647;
			files = (
			);
			runOnlyForDeploymentPostprocessing = 0;
		};
/* End PBXFrameworksBuildPhase section */

/* Begin PBXGroup section */
		ECD471BA2119E727000C26D6 = {
			isa = PBXGroup;
			children = (
				ECD471C52119E727000C26D6 /* TipCal */,
				ECD471DA2119E728000C26D6 /* TipCalTests */,
				ECD471E52119E728000C26D6 /* TipCalUITests */,
				ECD471C42119E727000C26D6 /* Products */,
			);
			sourceTree = "<group>";
		};
		ECD471C42119E727000C26D6 /* Products */ = {
			isa = PBXGroup;
			children = (
				ECD471C32119E727000C26D6 /* TipCal.app */,
				ECD471D72119E728000C26D6 /* TipCalTests.xctest */,
				ECD471E22119E728000C26D6 /* TipCalUITests.xctest */,
			);
			name = Products;
			sourceTree = "<group>";
		};
		ECD471C52119E727000C26D6 /* TipCal */ = {
			isa = PBXGroup;
			children = (
				ECD471C62119E727000C26D6 /* AppDelegate.swift */,
				ECD471C82119E727000C26D6 /* ViewController.swift */,
				ECD471CA2119E727000C26D6 /* Main.storyboard */,
				ECD471F42119F9EF000C26D6 /* SettingViewController.swift */,
				ECD471CD2119E728000C26D6 /* Assets.xcassets */,
				ECD471CF2119E728000C26D6 /* LaunchScreen.storyboard */,
				ECD471D22119E728000C26D6 /* Info.plist */,
			);
			path = TipCal;
			sourceTree = "<group>";
		};
		ECD471DA2119E728000C26D6 /* TipCalTests */ = {
			isa = PBXGroup;
			children = (
				ECD471DB2119E728000C26D6 /* TipCalTests.swift */,
				ECD471DD2119E728000C26D6 /* Info.plist */,
			);
			path = TipCalTests;
			sourceTree = "<group>";
		};
		ECD471E52119E728000C26D6 /* TipCalUITests */ = {
			isa = PBXGroup;
			children = (
				ECD471E62119E728000C26D6 /* TipCalUITests.swift */,
				ECD471E82119E728000C26D6 /* Info.plist */,
			);
			path = TipCalUITests;
			sourceTree = "<group>";
		};
/* End PBXGroup section */

/* Begin PBXNativeTarget section */
		ECD471C22119E727000C26D6 /* TipCal */ = {
			isa = PBXNativeTarget;
			buildConfigurationList = ECD471EB2119E728000C26D6 /* Build configuration list for PBXNativeTarget "TipCal" */;
			buildPhases = (
				ECD471BF2119E727000C26D6 /* Sources */,
				ECD471C02119E727000C26D6 /* Frameworks */,
				ECD471C12119E727000C26D6 /* Resources */,
			);
			buildRules = (
			);
			dependencies = (
			);
			name = TipCal;
			productName = TipCal;
			productReference = ECD471C32119E727000C26D6 /* TipCal.app */;
			productType = "com.apple.product-type.application";
		};
		ECD471D62119E728000C26D6 /* TipCalTests */ = {
			isa = PBXNativeTarget;
			buildConfigurationList = ECD471EE2119E728000C26D6 /* Build configuration list for PBXNativeTarget "TipCalTests" */;
			buildPhases = (
				ECD471D32119E728000C26D6 /* Sources */,
				ECD471D42119E728000C26D6 /* Frameworks */,
				ECD471D52119E728000C26D6 /* Resources */,
			);
			buildRules = (
			);
			dependencies = (
				ECD471D92119E728000C26D6 /* PBXTargetDependency */,
			);
			name = TipCalTests;
			productName = TipCalTests;
			productReference = ECD471D72119E728000C26D6 /* TipCalTests.xctest */;
			productType = "com.apple.product-type.bundle.unit-test";
		};
		ECD471E12119E728000C26D6 /* TipCalUITests */ = {
			isa = PBXNativeTarget;
			buildConfigurationList = ECD471F12119E728000C26D6 /* Build configuration list for PBXNativeTarget "TipCalUITests" */;
			buildPhases = (
				ECD471DE2119E728000C26D6 /* Sources */,
				ECD471DF2119E728000C26D6 /* Frameworks */,
				ECD471E02119E728000C26D6 /* Resources */,
			);
			buildRules = (
			);
			dependencies = (
				ECD471E42119E728000C26D6 /* PBXTargetDependency */,
			);
			name = TipCalUITests;
			productName = TipCalUITests;
			productReference = ECD471E22119E728000C26D6 /* TipCalUITests.xctest */;
			productType = "com.apple.product-type.bundle.ui-testing";
		};
/* End PBXNativeTarget section */

/* Begin PBXProject section */
		ECD471BB2119E727000C26D6 /* Project object */ = {
			isa = PBXProject;
			attributes = {
				LastSwiftUpdateCheck = 0920;
				LastUpgradeCheck = 0920;
				ORGANIZATIONNAME = "Jin Chen";
				TargetAttributes = {
					ECD471C22119E727000C26D6 = {
						CreatedOnToolsVersion = 9.2;
						ProvisioningStyle = Automatic;
					};
					ECD471D62119E728000C26D6 = {
						CreatedOnToolsVersion = 9.2;
						ProvisioningStyle = Automatic;
						TestTargetID = ECD471C22119E727000C26D6;
					};
					ECD471E12119E728000C26D6 = {
						CreatedOnToolsVersion = 9.2;
						ProvisioningStyle = Automatic;
						TestTargetID = ECD471C22119E727000C26D6;
					};
				};
			};
			buildConfigurationList = ECD471BE2119E727000C26D6 /* Build configuration list for PBXProject "TipCal" */;
			compatibilityVersion = "Xcode 8.0";
			developmentRegion = en;
			hasScannedForEncodings = 0;
			knownRegions = (
				en,
				Base,
			);
			mainGroup = ECD471BA2119E727000C26D6;
			productRefGroup = ECD471C42119E727000C26D6 /* Products */;
			projectDirPath = "";
			projectRoot = "";
			targets = (
				ECD471C22119E727000C26D6 /* TipCal */,
				ECD471D62119E728000C26D6 /* TipCalTests */,
				ECD471E12119E728000C26D6 /* TipCalUITests */,
			);
		};
/* End PBXProject section */

/* Begin PBXResourcesBuildPhase section */
		ECD471C12119E727000C26D6 /* Resources */ = {
			isa = PBXResourcesBuildPhase;
			buildActionMask = 2147483647;
			files = (
				ECD471D12119E728000C26D6 /* LaunchScreen.storyboard in Resources */,
				ECD471CE2119E728000C26D6 /* Assets.xcassets in Resources */,
				ECD471CC2119E727000C26D6 /* Main.storyboard in Resources */,
			);
			runOnlyForDeploymentPostprocessing = 0;
		};
		ECD471D52119E728000C26D6 /* Resources */ = {
			isa = PBXResourcesBuildPhase;
			buildActionMask = 2147483647;
			files = (
			);
			runOnlyForDeploymentPostprocessing = 0;
		};
		ECD471E02119E728000C26D6 /* Resources */ = {
			isa = PBXResourcesBuildPhase;
			buildActionMask = 2147483647;
			files = (
			);
			runOnlyForDeploymentPostprocessing = 0;
		};
/* End PBXResourcesBuildPhase section */

/* Begin PBXSourcesBuildPhase section */
		ECD471BF2119E727000C26D6 /* Sources */ = {
			isa = PBXSourcesBuildPhase;
			buildActionMask = 2147483647;
			files = (
				ECD471C92119E727000C26D6 /* ViewController.swift in Sources */,
				ECD471C72119E727000C26D6 /* AppDelegate.swift in Sources */,
				ECD471F52119F9EF000C26D6 /* SettingViewController.swift in Sources */,
			);
			runOnlyForDeploymentPostprocessing = 0;
		};
		ECD471D32119E728000C26D6 /* Sources */ = {
			isa = PBXSourcesBuildPhase;
			buildActionMask = 2147483647;
			files = (
				ECD471DC2119E728000C26D6 /* TipCalTests.swift in Sources */,
			);
			runOnlyForDeploymentPostprocessing = 0;
		};
		ECD471DE2119E728000C26D6 /* Sources */ = {
			isa = PBXSourcesBuildPhase;
			buildActionMask = 2147483647;
			files = (
				ECD471E72119E728000C26D6 /* TipCalUITests.swift in Sources */,
			);
			runOnlyForDeploymentPostprocessing = 0;
		};
/* End PBXSourcesBuildPhase section */

/* Begin PBXTargetDependency section */
		ECD471D92119E728000C26D6 /* PBXTargetDependency */ = {
			isa = PBXTargetDependency;
			target = ECD471C22119E727000C26D6 /* TipCal */;
			targetProxy = ECD471D82119E728000C26D6 /* PBXContainerItemProxy */;
		};
		ECD471E42119E728000C26D6 /* PBXTargetDependency */ = {
			isa = PBXTargetDependency;
			target = ECD471C22119E727000C26D6 /* TipCal */;
			targetProxy = ECD471E32119E728000C26D6 /* PBXContainerItemProxy */;
		};
/* End PBXTargetDependency section */

/* Begin PBXVariantGroup section */
		ECD471CA2119E727000C26D6 /* Main.storyboard */ = {
			isa = PBXVariantGroup;
			children = (
				ECD471CB2119E727000C26D6 /* Base */,
			);
			name = Main.storyboard;
			sourceTree = "<group>";
		};
		ECD471CF2119E728000C26D6 /* LaunchScreen.storyboard */ = {
			isa = PBXVariantGroup;
			children = (
				ECD471D02119E728000C26D6 /* Base */,
			);
			name = LaunchScreen.storyboard;
			sourceTree = "<group>";
		};
/* End PBXVariantGroup section */

/* Begin XCBuildConfiguration section */
		ECD471E92119E728000C26D6 /* Debug */ = {
			isa = XCBuildConfiguration;
			buildSettings = {
				ALWAYS_SEARCH_USER_PATHS = NO;
				CLANG_ANALYZER_NONNULL = YES;
				CLANG_ANALYZER_NUMBER_OBJECT_CONVERSION = YES_AGGRESSIVE;
				CLANG_CXX_LANGUAGE_STANDARD = "gnu++14";
				CLANG_CXX_LIBRARY = "libc++";
				CLANG_ENABLE_MODULES = YES;
				CLANG_ENABLE_OBJC_ARC = YES;
				CLANG_WARN_BLOCK_CAPTURE_AUTORELEASING = YES;
				CLANG_WARN_BOOL_CONVERSION = YES;
				CLANG_WARN_COMMA = YES;
				CLANG_WARN_CONSTANT_CONVERSION = YES;
				CLANG_WARN_DIRECT_OBJC_ISA_USAGE = YES_ERROR;
				CLANG_WARN_DOCUMENTATION_COMMENTS = YES;
				CLANG_WARN_EMPTY_BODY = YES;
				CLANG_WARN_ENUM_CONVERSION = YES;
				CLANG_WARN_INFINITE_RECURSION = YES;
				CLANG_WARN_INT_CONVERSION = YES;
				CLANG_WARN_NON_LITERAL_NULL_CONVERSION = YES;
				CLANG_WARN_OBJC_LITERAL_CONVERSION = YES;
				CLANG_WARN_OBJC_ROOT_CLASS = YES_ERROR;
				CLANG_WARN_RANGE_LOOP_ANALYSIS = YES;
				CLANG_WARN_STRICT_PROTOTYPES = YES;
				CLANG_WARN_SUSPICIOUS_MOVE = YES;
				CLANG_WARN_UNGUARDED_AVAILABILITY = YES_AGGRESSIVE;
				CLANG_WARN_UNREACHABLE_CODE = YES;
				CLANG_WARN__DUPLICATE_METHOD_MATCH = YES;
				CODE_SIGN_IDENTITY = "iPhone Developer";
				COPY_PHASE_STRIP = NO;
				DEBUG_INFORMATION_FORMAT = dwarf;
				ENABLE_STRICT_OBJC_MSGSEND = YES;
				ENABLE_TESTABILITY = YES;
				GCC_C_LANGUAGE_STANDARD = gnu11;
				GCC_DYNAMIC_NO_PIC = NO;
				GCC_NO_COMMON_BLOCKS = YES;
				GCC_OPTIMIZATION_LEVEL = 0;
				GCC_PREPROCESSOR_DEFINITIONS = (
					"DEBUG=1",
					"$(inherited)",
				);
				GCC_WARN_64_TO_32_BIT_CONVERSION = YES;
				GCC_WARN_ABOUT_RETURN_TYPE = YES_ERROR;
				GCC_WARN_UNDECLARED_SELECTOR = YES;
				GCC_WARN_UNINITIALIZED_AUTOS = YES_AGGRESSIVE;
				GCC_WARN_UNUSED_FUNCTION = YES;
				GCC_WARN_UNUSED_VARIABLE = YES;
				IPHONEOS_DEPLOYMENT_TARGET = 11.2;
				MTL_ENABLE_DEBUG_INFO = YES;
				ONLY_ACTIVE_ARCH = YES;
				SDKROOT = iphoneos;
				SWIFT_ACTIVE_COMPILATION_CONDITIONS = DEBUG;
				SWIFT_OPTIMIZATION_LEVEL = "-Onone";
			};
			name = Debug;
		};
		ECD471EA2119E728000C26D6 /* Release */ = {
			isa = XCBuildConfiguration;
			buildSettings = {
				ALWAYS_SEARCH_USER_PATHS = NO;
				CLANG_ANALYZER_NONNULL = YES;
				CLANG_ANALYZER_NUMBER_OBJECT_CONVERSION = YES_AGGRESSIVE;
				CLANG_CXX_LANGUAGE_STANDARD = "gnu++14";
				CLANG_CXX_LIBRARY = "libc++";
				CLANG_ENABLE_MODULES = YES;
				CLANG_ENABLE_OBJC_ARC = YES;
				CLANG_WARN_BLOCK_CAPTURE_AUTORELEASING = YES;
				CLANG_WARN_BOOL_CONVERSION = YES;
				CLANG_WARN_COMMA = YES;
				CLANG_WARN_CONSTANT_CONVERSION = YES;
				CLANG_WARN_DIRECT_OBJC_ISA_USAGE = YES_ERROR;
				CLANG_WARN_DOCUMENTATION_COMMENTS = YES;
				CLANG_WARN_EMPTY_BODY = YES;
				CLANG_WARN_ENUM_CONVERSION = YES;
				CLANG_WARN_INFINITE_RECURSION = YES;
				CLANG_WARN_INT_CONVERSION = YES;
				CLANG_WARN_NON_LITERAL_NULL_CONVERSION = YES;
				CLANG_WARN_OBJC_LITERAL_CONVERSION = YES;
				CLANG_WARN_OBJC_ROOT_CLASS = YES_ERROR;
				CLANG_WARN_RANGE_LOOP_ANALYSIS = YES;
				CLANG_WARN_STRICT_PROTOTYPES = YES;
				CLANG_WARN_SUSPICIOUS_MOVE = YES;
				CLANG_WARN_UNGUARDED_AVAILABILITY = YES_AGGRESSIVE;
				CLANG_WARN_UNREACHABLE_CODE = YES;
				CLANG_WARN__DUPLICATE_METHOD_MATCH = YES;
				CODE_SIGN_IDENTITY = "iPhone Developer";
				COPY_PHASE_STRIP = NO;
				DEBUG_INFORMATION_FORMAT = "dwarf-with-dsym";
				ENABLE_NS_ASSERTIONS = NO;
				ENABLE_STRICT_OBJC_MSGSEND = YES;
				GCC_C_LANGUAGE_STANDARD = gnu11;
				GCC_NO_COMMON_BLOCKS = YES;
				GCC_WARN_64_TO_32_BIT_CONVERSION = YES;
				GCC_WARN_ABOUT_RETURN_TYPE = YES_ERROR;
				GCC_WARN_UNDECLARED_SELECTOR = YES;
				GCC_WARN_UNINITIALIZED_AUTOS = YES_AGGRESSIVE;
				GCC_WARN_UNUSED_FUNCTION = YES;
				GCC_WARN_UNUSED_VARIABLE = YES;
				IPHONEOS_DEPLOYMENT_TARGET = 11.2;
				MTL_ENABLE_DEBUG_INFO = NO;
				SDKROOT = iphoneos;
				SWIFT_OPTIMIZATION_LEVEL = "-Owholemodule";
				VALIDATE_PRODUCT = YES;
			};
			name = Release;
		};
		ECD471EC2119E728000C26D6 /* Debug */ = {
			isa = XCBuildConfiguration;
			buildSettings = {
				ASSETCATALOG_COMPILER_APPICON_NAME = AppIcon;
				CODE_SIGN_STYLE = Automatic;
				INFOPLIST_FILE = TipCal/Info.plist;
				LD_RUNPATH_SEARCH_PATHS = "$(inherited) @executable_path/Frameworks";
				PRODUCT_BUNDLE_IDENTIFIER = "Jin-Chen.TipCal";
				PRODUCT_NAME = "$(TARGET_NAME)";
				SWIFT_VERSION = 4.0;
				TARGETED_DEVICE_FAMILY = 1;
			};
			name = Debug;
		};
		ECD471ED2119E728000C26D6 /* Release */ = {
			isa = XCBuildConfiguration;
			buildSettings = {
				ASSETCATALOG_COMPILER_APPICON_NAME = AppIcon;
				CODE_SIGN_STYLE = Automatic;
				INFOPLIST_FILE = TipCal/Info.plist;
				LD_RUNPATH_SEARCH_PATHS = "$(inherited) @executable_path/Frameworks";
				PRODUCT_BUNDLE_IDENTIFIER = "Jin-Chen.TipCal";
				PRODUCT_NAME = "$(TARGET_NAME)";
				SWIFT_VERSION = 4.0;
				TARGETED_DEVICE_FAMILY = 1;
			};
			name = Release;
		};
		ECD471EF2119E728000C26D6 /* Debug */ = {
			isa = XCBuildConfiguration;
			buildSettings = {
				ALWAYS_EMBED_SWIFT_STANDARD_LIBRARIES = YES;
				BUNDLE_LOADER = "$(TEST_HOST)";
				CODE_SIGN_STYLE = Automatic;
				INFOPLIST_FILE = TipCalTests/Info.plist;
				LD_RUNPATH_SEARCH_PATHS = "$(inherited) @executable_path/Frameworks @loader_path/Frameworks";
				PRODUCT_BUNDLE_IDENTIFIER = "Jin-Chen.TipCalTests";
				PRODUCT_NAME = "$(TARGET_NAME)";
				SWIFT_VERSION = 4.0;
				TARGETED_DEVICE_FAMILY = "1,2";
				TEST_HOST = "$(BUILT_PRODUCTS_DIR)/TipCal.app/TipCal";
			};
			name = Debug;
		};
		ECD471F02119E728000C26D6 /* Release */ = {
			isa = XCBuildConfiguration;
			buildSettings = {
				ALWAYS_EMBED_SWIFT_STANDARD_LIBRARIES = YES;
				BUNDLE_LOADER = "$(TEST_HOST)";
				CODE_SIGN_STYLE = Automatic;
				INFOPLIST_FILE = TipCalTests/Info.plist;
				LD_RUNPATH_SEARCH_PATHS = "$(inherited) @executable_path/Frameworks @loader_path/Frameworks";
				PRODUCT_BUNDLE_IDENTIFIER = "Jin-Chen.TipCalTests";
				PRODUCT_NAME = "$(TARGET_NAME)";
				SWIFT_VERSION = 4.0;
				TARGETED_DEVICE_FAMILY = "1,2";
				TEST_HOST = "$(BUILT_PRODUCTS_DIR)/TipCal.app/TipCal";
			};
			name = Release;
		};
		ECD471F22119E728000C26D6 /* Debug */ = {
			isa = XCBuildConfiguration;
			buildSettings = {
				ALWAYS_EMBED_SWIFT_STANDARD_LIBRARIES = YES;
				CODE_SIGN_STYLE = Automatic;
				INFOPLIST_FILE = TipCalUITests/Info.plist;
				LD_RUNPATH_SEARCH_PATHS = "$(inherited) @executable_path/Frameworks @loader_path/Frameworks";
				PRODUCT_BUNDLE_IDENTIFIER = "Jin-Chen.TipCalUITests";
				PRODUCT_NAME = "$(TARGET_NAME)";
				SWIFT_VERSION = 4.0;
				TARGETED_DEVICE_FAMILY = "1,2";
				TEST_TARGET_NAME = TipCal;
			};
			name = Debug;
		};
		ECD471F32119E728000C26D6 /* Release */ = {
			isa = XCBuildConfiguration;
			buildSettings = {
				ALWAYS_EMBED_SWIFT_STANDARD_LIBRARIES = YES;
				CODE_SIGN_STYLE = Automatic;
				INFOPLIST_FILE = TipCalUITests/Info.plist;
				LD_RUNPATH_SEARCH_PATHS = "$(inherited) @executable_path/Frameworks @loader_path/Frameworks";
				PRODUCT_BUNDLE_IDENTIFIER = "Jin-Chen.TipCalUITests";
				PRODUCT_NAME = "$(TARGET_NAME)";
				SWIFT_VERSION = 4.0;
				TARGETED_DEVICE_FAMILY = "1,2";
				TEST_TARGET_NAME = TipCal;
			};
			name = Release;
		};
/* End XCBuildConfiguration section */

/* Begin XCConfigurationList section */
		ECD471BE2119E727000C26D6 /* Build configuration list for PBXProject "TipCal" */ = {
			isa = XCConfigurationList;
			buildConfigurations = (
				ECD471E92119E728000C26D6 /* Debug */,
				ECD471EA2119E728000C26D6 /* Release */,
			);
			defaultConfigurationIsVisible = 0;
			defaultConfigurationName = Release;
		};
		ECD471EB2119E728000C26D6 /* Build configuration list for PBXNativeTarget "TipCal" */ = {
			isa = XCConfigurationList;
			buildConfigurations = (
				ECD471EC2119E728000C26D6 /* Debug */,
				ECD471ED2119E728000C26D6 /* Release */,
			);
			defaultConfigurationIsVisible = 0;
			defaultConfigurationName = Release;
		};
		ECD471EE2119E728000C26D6 /* Build configuration list for PBXNativeTarget "TipCalTests" */ = {
			isa = XCConfigurationList;
			buildConfigurations = (
				ECD471EF2119E728000C26D6 /* Debug */,
				ECD471F02119E728000C26D6 /* Release */,
			);
			defaultConfigurationIsVisible = 0;
			defaultConfigurationName = Release;
		};
		ECD471F12119E728000C26D6 /* Build configuration list for PBXNativeTarget "TipCalUITests" */ = {
			isa = XCConfigurationList;
			buildConfigurations = (
				ECD471F22119E728000C26D6 /* Debug */,
				ECD471F32119E728000C26D6 /* Release */,
			);
			defaultConfigurationIsVisible = 0;
			defaultConfigurationName = Release;
		};
/* End XCConfigurationList section */
	};
	rootObject = ECD471BB2119E727000C26D6 /* Project object */;
}
